Microsoft Visual Studio Solution File, Format Version 12.00
# Visual Studio Version 17
VisualStudioVersion = 17.5.2.0
MinimumVisualStudioVersion = 10.0.40219.1
Project("{FAE04EC0-301F-11D3-BF4B-00C04F79EFBC}") = "BlackJackConsole", "BlackJackConsole.csproj", "{ACD0026A-EA04-4589-DBFA-8A111FB0C6ED}"
EndProject
Global
	GlobalSection(SolutionConfigurationPlatforms) = preSolution
		Debug|Any CPU = Debug|Any CPU
		Release|Any CPU = Release|Any CPU
	EndGlobalSection
	GlobalSection(ProjectConfigurationPlatforms) = postSolution
		{ACD0026A-EA04-4589-DBFA-8A111FB0C6ED}.Debug|Any CPU.ActiveCfg = Debug|Any CPU
		{ACD0026A-EA04-4589-DBFA-8A111FB0C6ED}.Debug|Any CPU.Build.0 = Debug|Any CPU
		{ACD0026A-EA04-4589-DBFA-8A111FB0C6ED}.Release|Any CPU.ActiveCfg = Release|Any CPU
		{ACD0026A-EA04-4589-DBFA-8A111FB0C6ED}.Release|Any CPU.Build.0 = Release|Any CPU
	EndGlobalSection
	GlobalSection(SolutionProperties) = preSolution
		HideSolutionNode = FALSE
	EndGlobalSection
	GlobalSection(ExtensibilityGlobals) = postSolution
		SolutionGuid = {7BE3724F-96F3-424F-8DCB-30DE9CC03385}
	EndGlobalSection
EndGlobal
