
Microsoft Visual Studio Solution File, Format Version 12.00
# Visual Studio Version 17
VisualStudioVersion = 17.0.31903.59
MinimumVisualStudioVersion = 10.0.40219.1
Project("{FAE04EC0-301F-11D3-BF4B-00C04F79EFBC}") = "BlackJack", "BlackJack\BlackJack.csproj", "{9E05F58F-1C30-4838-8DB9-2248B3A96FFF}"
EndProject
Project("{FAE04EC0-301F-11D3-BF4B-00C04F79EFBC}") = "BlackJackConsole", "BlackJackConsole\BlackJackConsole.csproj", "{13DA55BC-2CC9-4EAE-8311-0B4BA5D6D9D0}"
EndProject
Global
	GlobalSection(SolutionConfigurationPlatforms) = preSolution
		Debug|Any CPU = Debug|Any CPU
		Release|Any CPU = Release|Any CPU
	EndGlobalSection
	GlobalSection(SolutionProperties) = preSolution
		HideSolutionNode = FALSE
	EndGlobalSection
	GlobalSection(ProjectConfigurationPlatforms) = postSolution
		{9E05F58F-1C30-4838-8DB9-2248B3A96FFF}.Debug|Any CPU.ActiveCfg = Debug|Any CPU
		{9E05F58F-1C30-4838-8DB9-2248B3A96FFF}.Debug|Any CPU.Build.0 = Debug|Any CPU
		{9E05F58F-1C30-4838-8DB9-2248B3A96FFF}.Release|Any CPU.ActiveCfg = Release|Any CPU
		{9E05F58F-1C30-4838-8DB9-2248B3A96FFF}.Release|Any CPU.Build.0 = Release|Any CPU
		{13DA55BC-2CC9-4EAE-8311-0B4BA5D6D9D0}.Debug|Any CPU.ActiveCfg = Debug|Any CPU
		{13DA55BC-2CC9-4EAE-8311-0B4BA5D6D9D0}.Debug|Any CPU.Build.0 = Debug|Any CPU
		{13DA55BC-2CC9-4EAE-8311-0B4BA5D6D9D0}.Release|Any CPU.ActiveCfg = Release|Any CPU
		{13DA55BC-2CC9-4EAE-8311-0B4BA5D6D9D0}.Release|Any CPU.Build.0 = Release|Any CPU
	EndGlobalSection
EndGlobal
