Microsoft Visual Studio Solution File, Format Version 12.00
# Visual Studio Version 17
VisualStudioVersion = 17.5.2.0
MinimumVisualStudioVersion = 10.0.40219.1
Project("{FAE04EC0-301F-11D3-BF4B-00C04F79EFBC}") = "TheFirm", "TheFirm.csproj", "{745E8B01-119A-A89A-781C-E3693A4F6A5B}"
EndProject
Global
	GlobalSection(SolutionConfigurationPlatforms) = preSolution
		Debug|Any CPU = Debug|Any CPU
		Release|Any CPU = Release|Any CPU
	EndGlobalSection
	GlobalSection(ProjectConfigurationPlatforms) = postSolution
		{745E8B01-119A-A89A-781C-E3693A4F6A5B}.Debug|Any CPU.ActiveCfg = Debug|Any CPU
		{745E8B01-119A-A89A-781C-E3693A4F6A5B}.Debug|Any CPU.Build.0 = Debug|Any CPU
		{745E8B01-119A-A89A-781C-E3693A4F6A5B}.Release|Any CPU.ActiveCfg = Release|Any CPU
		{745E8B01-119A-A89A-781C-E3693A4F6A5B}.Release|Any CPU.Build.0 = Release|Any CPU
	EndGlobalSection
	GlobalSection(SolutionProperties) = preSolution
		HideSolutionNode = FALSE
	EndGlobalSection
	GlobalSection(ExtensibilityGlobals) = postSolution
		SolutionGuid = {75A17169-F7FA-4433-B1D1-F7EEDBCA13C2}
	EndGlobalSection
EndGlobal
