Microsoft Visual Studio Solution File, Format Version 12.00
# Visual Studio Version 17
VisualStudioVersion = 17.5.2.0
MinimumVisualStudioVersion = 10.0.40219.1
Project("{FAE04EC0-301F-11D3-BF4B-00C04F79EFBC}") = "Basics", "Basics\Basics.csproj", "{C4E32743-2D7B-2ECC-6276-ED7BF53ABE36}"
EndProject
Project("{FAE04EC0-301F-11D3-BF4B-00C04F79EFBC}") = "BasicsBare", "BasicsBare\BasicsBare.csproj", "{B8581EE9-E03C-1A8D-0135-3AB91CD19DE1}"
EndProject
Global
	GlobalSection(SolutionConfigurationPlatforms) = preSolution
		Debug|Any CPU = Debug|Any CPU
		Release|Any CPU = Release|Any CPU
	EndGlobalSection
	GlobalSection(ProjectConfigurationPlatforms) = postSolution
		{C4E32743-2D7B-2ECC-6276-ED7BF53ABE36}.Debug|Any CPU.ActiveCfg = Debug|Any CPU
		{C4E32743-2D7B-2ECC-6276-ED7BF53ABE36}.Debug|Any CPU.Build.0 = Debug|Any CPU
		{C4E32743-2D7B-2ECC-6276-ED7BF53ABE36}.Release|Any CPU.ActiveCfg = Release|Any CPU
		{C4E32743-2D7B-2ECC-6276-ED7BF53ABE36}.Release|Any CPU.Build.0 = Release|Any CPU
		{B8581EE9-E03C-1A8D-0135-3AB91CD19DE1}.Debug|Any CPU.ActiveCfg = Debug|Any CPU
		{B8581EE9-E03C-1A8D-0135-3AB91CD19DE1}.Debug|Any CPU.Build.0 = Debug|Any CPU
		{B8581EE9-E03C-1A8D-0135-3AB91CD19DE1}.Release|Any CPU.ActiveCfg = Release|Any CPU
		{B8581EE9-E03C-1A8D-0135-3AB91CD19DE1}.Release|Any CPU.Build.0 = Release|Any CPU
	EndGlobalSection
	GlobalSection(SolutionProperties) = preSolution
		HideSolutionNode = FALSE
	EndGlobalSection
	GlobalSection(ExtensibilityGlobals) = postSolution
		SolutionGuid = {80430EDF-18DA-4C35-8283-3F40F63F78D2}
	EndGlobalSection
EndGlobal
